
Microsoft Visual Studio Solution File, Format Version 12.00
# Visual Studio 15
VisualStudioVersion = 15.0.28307.168
MinimumVisualStudioVersion = 10.0.40219.1
Project("{FAE04EC0-301F-11D3-BF4B-00C04F79EFBC}") = "SHHQMKT", "SHHQMKT\SHHQMKT.csproj", "{7B9828CF-01B5-4A6D-9EE9-A8A65861B683}"
EndProject
Global
	GlobalSection(SolutionConfigurationPlatforms) = preSolution
		Debug|Any CPU = Debug|Any CPU
		Release|Any CPU = Release|Any CPU
	EndGlobalSection
	GlobalSection(ProjectConfigurationPlatforms) = postSolution
		{7B9828CF-01B5-4A6D-9EE9-A8A65861B683}.Debug|Any CPU.ActiveCfg = Debug|Any CPU
		{7B9828CF-01B5-4A6D-9EE9-A8A65861B683}.Debug|Any CPU.Build.0 = Debug|Any CPU
		{7B9828CF-01B5-4A6D-9EE9-A8A65861B683}.Release|Any CPU.ActiveCfg = Release|Any CPU
		{7B9828CF-01B5-4A6D-9EE9-A8A65861B683}.Release|Any CPU.Build.0 = Release|Any CPU
	EndGlobalSection
	GlobalSection(SolutionProperties) = preSolution
		HideSolutionNode = FALSE
	EndGlobalSection
	GlobalSection(ExtensibilityGlobals) = postSolution
		SolutionGuid = {A7FEF1ED-4500-41E4-868F-7240F3FD8043}
	EndGlobalSection
EndGlobal
